
Microsoft Visual Studio Solution File, Format Version 12.00
# Visual Studio Version 16
VisualStudioVersion = 16.0.29411.108
MinimumVisualStudioVersion = 10.0.40219.1
Project("{FAE04EC0-301F-11D3-BF4B-00C04F79EFBC}") = "TianYing", "TianYing\TianYing.csproj", "{0A3711F9-D673-424A-93A0-A2271948953B}"
EndProject
Global
	GlobalSection(SolutionConfigurationPlatforms) = preSolution
		Debug|Any CPU = Debug|Any CPU
		Release|Any CPU = Release|Any CPU
	EndGlobalSection
	GlobalSection(ProjectConfigurationPlatforms) = postSolution
		{0A3711F9-D673-424A-93A0-A2271948953B}.Debug|Any CPU.ActiveCfg = Debug|Any CPU
		{0A3711F9-D673-424A-93A0-A2271948953B}.Debug|Any CPU.Build.0 = Debug|Any CPU
		{0A3711F9-D673-424A-93A0-A2271948953B}.Release|Any CPU.ActiveCfg = Release|Any CPU
		{0A3711F9-D673-424A-93A0-A2271948953B}.Release|Any CPU.Build.0 = Release|Any CPU
	EndGlobalSection
	GlobalSection(SolutionProperties) = preSolution
		HideSolutionNode = FALSE
	EndGlobalSection
	GlobalSection(ExtensibilityGlobals) = postSolution
		SolutionGuid = {43A21EEC-912A-4413-B767-04E3084546C8}
	EndGlobalSection
EndGlobal
